version = 1
requires-python = ">=3.12"

[[package]]
name = "kafka-python-ng"
version = "2.2.3"
source = { registry = "https://pypi.org/simple" }
sdist = { url = "https://files.pythonhosted.org/packages/ce/04/1d65bdf3f0103a08710e226b851de4b357ac702f1cadabf6128bab7518a7/kafka_python_ng-2.2.3.tar.gz", hash = "sha256:f79f28e10ade9b5a9860b2ec15b7cc8dc510d5702f5a399430478cff5f93a05a", size = 330644 }
wheels = [
    { url = "https://files.pythonhosted.org/packages/0f/61/22e778f642465a157c449782300d8817ebbc106794a8a7ebe88cbb846b05/kafka_python_ng-2.2.3-py2.py3-none-any.whl", hash = "sha256:adc6e82147c441ca4ae1f22e291fc08efab0d10971cbd4aa1481d2ffa38e9480", size = 232824 },
]

[[package]]
name = "kafka-smoke-test"
version = "0.1.0"
source = { virtual = "." }
dependencies = [
    { name = "kafka-python-ng" },
]

[package.metadata]
requires-dist = [{ name = "kafka-python-ng", specifier = ">=2.2.3" }]
